// !$*UTF8*$!
{
	archiveVersion = 1;
	classes = {
	};
	objectVersion = 48;
	objects = {

/* Begin PBXBuildFile section */
		9521288E20F7D90F002C79A4 /* DataStore.swift in Sources */ = {isa = PBXBuildFile; fileRef = 9521288D20F7D90F002C79A4 /* DataStore.swift */; };
		9524D24C20F7E1AC00FE324A /* ApplicationController.swift in Sources */ = {isa = PBXBuildFile; fileRef = 9524D24B20F7E1AC00FE324A /* ApplicationController.swift */; };
		9563352D209BAC7500B17370 /* AppDelegate.swift in Sources */ = {isa = PBXBuildFile; fileRef = 9563352C209BAC7500B17370 /* AppDelegate.swift */; };
		9563352F209BAC7500B17370 /* ToDoComposerViewController.swift in Sources */ = {isa = PBXBuildFile; fileRef = 9563352E209BAC7500B17370 /* ToDoComposerViewController.swift */; };
		95633534209BAC7500B17370 /* Assets.xcassets in Resources */ = {isa = PBXBuildFile; fileRef = 95633533209BAC7500B17370 /* Assets.xcassets */; };
		95633537209BAC7500B17370 /* LaunchScreen.storyboard in Resources */ = {isa = PBXBuildFile; fileRef = 95633535209BAC7500B17370 /* LaunchScreen.storyboard */; };
		95633542209BAC7500B17370 /* ToDosTests.swift in Sources */ = {isa = PBXBuildFile; fileRef = 95633541209BAC7500B17370 /* ToDosTests.swift */; };
		9563354D209BAC7500B17370 /* ToDosUITests.swift in Sources */ = {isa = PBXBuildFile; fileRef = 9563354C209BAC7500B17370 /* ToDosUITests.swift */; };
		9563355B209BAD3800B17370 /* ListTableViewController.swift in Sources */ = {isa = PBXBuildFile; fileRef = 9563355A209BAD3800B17370 /* ListTableViewController.swift */; };
		9563355D20A4E19300B17370 /* ToDo.swift in Sources */ = {isa = PBXBuildFile; fileRef = 9563355C20A4E19300B17370 /* ToDo.swift */; };
		9597C77B20E5692C008D7119 /* RealmSwift.framework in Frameworks */ = {isa = PBXBuildFile; fileRef = 952668C420E56828000B1BE0 /* RealmSwift.framework */; };
		9597C77C20E5692C008D7119 /* RealmSwift.framework in Embed Frameworks */ = {isa = PBXBuildFile; fileRef = 952668C420E56828000B1BE0 /* RealmSwift.framework */; settings = {ATTRIBUTES = (CodeSignOnCopy, RemoveHeadersOnCopy, ); }; };
		9597C77D20E5692C008D7119 /* Realm.framework in Frameworks */ = {isa = PBXBuildFile; fileRef = 952668C020E56820000B1BE0 /* Realm.framework */; };
		9597C77E20E5692C008D7119 /* Realm.framework in Embed Frameworks */ = {isa = PBXBuildFile; fileRef = 952668C020E56820000B1BE0 /* Realm.framework */; settings = {ATTRIBUTES = (CodeSignOnCopy, RemoveHeadersOnCopy, ); }; };
/* End PBXBuildFile section */

/* Begin PBXContainerItemProxy section */
		9563353E209BAC7500B17370 /* PBXContainerItemProxy */ = {
			isa = PBXContainerItemProxy;
			containerPortal = 95633521209BAC7500B17370 /* Project object */;
			proxyType = 1;
			remoteGlobalIDString = 95633528209BAC7500B17370;
			remoteInfo = ToDos;
		};
		95633549209BAC7500B17370 /* PBXContainerItemProxy */ = {
			isa = PBXContainerItemProxy;
			containerPortal = 95633521209BAC7500B17370 /* Project object */;
			proxyType = 1;
			remoteGlobalIDString = 95633528209BAC7500B17370;
			remoteInfo = ToDos;
		};
/* End PBXContainerItemProxy section */

/* Begin PBXCopyFilesBuildPhase section */
		9597C77F20E5692C008D7119 /* Embed Frameworks */ = {
			isa = PBXCopyFilesBuildPhase;
			buildActionMask = 2147483647;
			dstPath = "";
			dstSubfolderSpec = 10;
			files = (
				9597C77E20E5692C008D7119 /* Realm.framework in Embed Frameworks */,
				9597C77C20E5692C008D7119 /* RealmSwift.framework in Embed Frameworks */,
			);
			name = "Embed Frameworks";
			runOnlyForDeploymentPostprocessing = 0;
		};
/* End PBXCopyFilesBuildPhase section */

/* Begin PBXFileReference section */
		9521288D20F7D90F002C79A4 /* DataStore.swift */ = {isa = PBXFileReference; lastKnownFileType = sourcecode.swift; path = DataStore.swift; sourceTree = "<group>"; };
		9524D24B20F7E1AC00FE324A /* ApplicationController.swift */ = {isa = PBXFileReference; lastKnownFileType = sourcecode.swift; path = ApplicationController.swift; sourceTree = "<group>"; };
		952668C020E56820000B1BE0 /* Realm.framework */ = {isa = PBXFileReference; lastKnownFileType = wrapper.framework; name = Realm.framework; path = Carthage/Build/iOS/Realm.framework; sourceTree = "<group>"; };
		952668C420E56828000B1BE0 /* RealmSwift.framework */ = {isa = PBXFileReference; lastKnownFileType = wrapper.framework; name = RealmSwift.framework; path = Carthage/Build/iOS/RealmSwift.framework; sourceTree = "<group>"; };
		95633529209BAC7500B17370 /* ToDos.app */ = {isa = PBXFileReference; explicitFileType = wrapper.application; includeInIndex = 0; path = ToDos.app; sourceTree = BUILT_PRODUCTS_DIR; };
		9563352C209BAC7500B17370 /* AppDelegate.swift */ = {isa = PBXFileReference; lastKnownFileType = sourcecode.swift; path = AppDelegate.swift; sourceTree = "<group>"; };
		9563352E209BAC7500B17370 /* ToDoComposerViewController.swift */ = {isa = PBXFileReference; lastKnownFileType = sourcecode.swift; path = ToDoComposerViewController.swift; sourceTree = "<group>"; };
		95633533209BAC7500B17370 /* Assets.xcassets */ = {isa = PBXFileReference; lastKnownFileType = folder.assetcatalog; path = Assets.xcassets; sourceTree = "<group>"; };
		95633536209BAC7500B17370 /* Base */ = {isa = PBXFileReference; lastKnownFileType = file.storyboard; name = Base; path = Base.lproj/LaunchScreen.storyboard; sourceTree = "<group>"; };
		95633538209BAC7500B17370 /* Info.plist */ = {isa = PBXFileReference; lastKnownFileType = text.plist.xml; path = Info.plist; sourceTree = "<group>"; };
		9563353D209BAC7500B17370 /* ToDosTests.xctest */ = {isa = PBXFileReference; explicitFileType = wrapper.cfbundle; includeInIndex = 0; path = ToDosTests.xctest; sourceTree = BUILT_PRODUCTS_DIR; };
		95633541209BAC7500B17370 /* ToDosTests.swift */ = {isa = PBXFileReference; lastKnownFileType = sourcecode.swift; path = ToDosTests.swift; sourceTree = "<group>"; };
		95633543209BAC7500B17370 /* Info.plist */ = {isa = PBXFileReference; lastKnownFileType = text.plist.xml; path = Info.plist; sourceTree = "<group>"; };
		95633548209BAC7500B17370 /* ToDosUITests.xctest */ = {isa = PBXFileReference; explicitFileType = wrapper.cfbundle; includeInIndex = 0; path = ToDosUITests.xctest; sourceTree = BUILT_PRODUCTS_DIR; };
		9563354C209BAC7500B17370 /* ToDosUITests.swift */ = {isa = PBXFileReference; lastKnownFileType = sourcecode.swift; path = ToDosUITests.swift; sourceTree = "<group>"; };
		9563354E209BAC7500B17370 /* Info.plist */ = {isa = PBXFileReference; lastKnownFileType = text.plist.xml; path = Info.plist; sourceTree = "<group>"; };
		9563355A209BAD3800B17370 /* ListTableViewController.swift */ = {isa = PBXFileReference; lastKnownFileType = sourcecode.swift; path = ListTableViewController.swift; sourceTree = "<group>"; };
		9563355C20A4E19300B17370 /* ToDo.swift */ = {isa = PBXFileReference; lastKnownFileType = sourcecode.swift; path = ToDo.swift; sourceTree = "<group>"; };
/* End PBXFileReference section */

/* Begin PBXFrameworksBuildPhase section */
		95633526209BAC7500B17370 /* Frameworks */ = {
			isa = PBXFrameworksBuildPhase;
			buildActionMask = 2147483647;
			files = (
				9597C77D20E5692C008D7119 /* Realm.framework in Frameworks */,
				9597C77B20E5692C008D7119 /* RealmSwift.framework in Frameworks */,
			);
			runOnlyForDeploymentPostprocessing = 0;
		};
		9563353A209BAC7500B17370 /* Frameworks */ = {
			isa = PBXFrameworksBuildPhase;
			buildActionMask = 2147483647;
			files = (
			);
			runOnlyForDeploymentPostprocessing = 0;
		};
		95633545209BAC7500B17370 /* Frameworks */ = {
			isa = PBXFrameworksBuildPhase;
			buildActionMask = 2147483647;
			files = (
			);
			runOnlyForDeploymentPostprocessing = 0;
		};
/* End PBXFrameworksBuildPhase section */

/* Begin PBXGroup section */
		95633520209BAC7500B17370 = {
			isa = PBXGroup;
			children = (
				952668C420E56828000B1BE0 /* RealmSwift.framework */,
				952668C020E56820000B1BE0 /* Realm.framework */,
				9563352B209BAC7500B17370 /* ToDos */,
				95633540209BAC7500B17370 /* ToDosTests */,
				9563354B209BAC7500B17370 /* ToDosUITests */,
				9563352A209BAC7500B17370 /* Products */,
			);
			sourceTree = "<group>";
		};
		9563352A209BAC7500B17370 /* Products */ = {
			isa = PBXGroup;
			children = (
				95633529209BAC7500B17370 /* ToDos.app */,
				9563353D209BAC7500B17370 /* ToDosTests.xctest */,
				95633548209BAC7500B17370 /* ToDosUITests.xctest */,
			);
			name = Products;
			sourceTree = "<group>";
		};
		9563352B209BAC7500B17370 /* ToDos */ = {
			isa = PBXGroup;
			children = (
				9563352C209BAC7500B17370 /* AppDelegate.swift */,
				9563352E209BAC7500B17370 /* ToDoComposerViewController.swift */,
				9524D24B20F7E1AC00FE324A /* ApplicationController.swift */,
				9521288D20F7D90F002C79A4 /* DataStore.swift */,
				95633533209BAC7500B17370 /* Assets.xcassets */,
				95633535209BAC7500B17370 /* LaunchScreen.storyboard */,
				95633538209BAC7500B17370 /* Info.plist */,
				9563355A209BAD3800B17370 /* ListTableViewController.swift */,
				9563355C20A4E19300B17370 /* ToDo.swift */,
			);
			path = ToDos;
			sourceTree = "<group>";
		};
		95633540209BAC7500B17370 /* ToDosTests */ = {
			isa = PBXGroup;
			children = (
				95633541209BAC7500B17370 /* ToDosTests.swift */,
				95633543209BAC7500B17370 /* Info.plist */,
			);
			path = ToDosTests;
			sourceTree = "<group>";
		};
		9563354B209BAC7500B17370 /* ToDosUITests */ = {
			isa = PBXGroup;
			children = (
				9563354C209BAC7500B17370 /* ToDosUITests.swift */,
				9563354E209BAC7500B17370 /* Info.plist */,
			);
			path = ToDosUITests;
			sourceTree = "<group>";
		};
/* End PBXGroup section */

/* Begin PBXNativeTarget section */
		95633528209BAC7500B17370 /* ToDos */ = {
			isa = PBXNativeTarget;
			buildConfigurationList = 95633551209BAC7500B17370 /* Build configuration list for PBXNativeTarget "ToDos" */;
			buildPhases = (
				95633525209BAC7500B17370 /* Sources */,
				95633526209BAC7500B17370 /* Frameworks */,
				95633527209BAC7500B17370 /* Resources */,
				9597C77A20E568B8008D7119 /* ShellScript */,
				9597C77F20E5692C008D7119 /* Embed Frameworks */,
			);
			buildRules = (
			);
			dependencies = (
			);
			name = ToDos;
			productName = ToDos;
			productReference = 95633529209BAC7500B17370 /* ToDos.app */;
			productType = "com.apple.product-type.application";
		};
		9563353C209BAC7500B17370 /* ToDosTests */ = {
			isa = PBXNativeTarget;
			buildConfigurationList = 95633554209BAC7500B17370 /* Build configuration list for PBXNativeTarget "ToDosTests" */;
			buildPhases = (
				95633539209BAC7500B17370 /* Sources */,
				9563353A209BAC7500B17370 /* Frameworks */,
				9563353B209BAC7500B17370 /* Resources */,
			);
			buildRules = (
			);
			dependencies = (
				9563353F209BAC7500B17370 /* PBXTargetDependency */,
			);
			name = ToDosTests;
			productName = ToDosTests;
			productReference = 9563353D209BAC7500B17370 /* ToDosTests.xctest */;
			productType = "com.apple.product-type.bundle.unit-test";
		};
		95633547209BAC7500B17370 /* ToDosUITests */ = {
			isa = PBXNativeTarget;
			buildConfigurationList = 95633557209BAC7500B17370 /* Build configuration list for PBXNativeTarget "ToDosUITests" */;
			buildPhases = (
				95633544209BAC7500B17370 /* Sources */,
				95633545209BAC7500B17370 /* Frameworks */,
				95633546209BAC7500B17370 /* Resources */,
			);
			buildRules = (
			);
			dependencies = (
				9563354A209BAC7500B17370 /* PBXTargetDependency */,
			);
			name = ToDosUITests;
			productName = ToDosUITests;
			productReference = 95633548209BAC7500B17370 /* ToDosUITests.xctest */;
			productType = "com.apple.product-type.bundle.ui-testing";
		};
/* End PBXNativeTarget section */

/* Begin PBXProject section */
		95633521209BAC7500B17370 /* Project object */ = {
			isa = PBXProject;
			attributes = {
				LastSwiftUpdateCheck = 0920;
				LastUpgradeCheck = 0920;
				ORGANIZATIONNAME = "Angela Ramirez";
				TargetAttributes = {
					95633528209BAC7500B17370 = {
						CreatedOnToolsVersion = 9.2;
						ProvisioningStyle = Automatic;
					};
					9563353C209BAC7500B17370 = {
						CreatedOnToolsVersion = 9.2;
						ProvisioningStyle = Automatic;
						TestTargetID = 95633528209BAC7500B17370;
					};
					95633547209BAC7500B17370 = {
						CreatedOnToolsVersion = 9.2;
						ProvisioningStyle = Automatic;
						TestTargetID = 95633528209BAC7500B17370;
					};
				};
			};
			buildConfigurationList = 95633524209BAC7500B17370 /* Build configuration list for PBXProject "ToDos" */;
			compatibilityVersion = "Xcode 8.0";
			developmentRegion = en;
			hasScannedForEncodings = 0;
			knownRegions = (
				en,
				Base,
			);
			mainGroup = 95633520209BAC7500B17370;
			productRefGroup = 9563352A209BAC7500B17370 /* Products */;
			projectDirPath = "";
			projectRoot = "";
			targets = (
				95633528209BAC7500B17370 /* ToDos */,
				9563353C209BAC7500B17370 /* ToDosTests */,
				95633547209BAC7500B17370 /* ToDosUITests */,
			);
		};
/* End PBXProject section */

/* Begin PBXResourcesBuildPhase section */
		95633527209BAC7500B17370 /* Resources */ = {
			isa = PBXResourcesBuildPhase;
			buildActionMask = 2147483647;
			files = (
				95633537209BAC7500B17370 /* LaunchScreen.storyboard in Resources */,
				95633534209BAC7500B17370 /* Assets.xcassets in Resources */,
			);
			runOnlyForDeploymentPostprocessing = 0;
		};
		9563353B209BAC7500B17370 /* Resources */ = {
			isa = PBXResourcesBuildPhase;
			buildActionMask = 2147483647;
			files = (
			);
			runOnlyForDeploymentPostprocessing = 0;
		};
		95633546209BAC7500B17370 /* Resources */ = {
			isa = PBXResourcesBuildPhase;
			buildActionMask = 2147483647;
			files = (
			);
			runOnlyForDeploymentPostprocessing = 0;
		};
/* End PBXResourcesBuildPhase section */

/* Begin PBXShellScriptBuildPhase section */
		9597C77A20E568B8008D7119 /* ShellScript */ = {
			isa = PBXShellScriptBuildPhase;
			buildActionMask = 2147483647;
			files = (
			);
			inputPaths = (
				"$(SRCROOT)/Carthage/Build/iOS/RealmSwift.framework",
			);
			outputPaths = (
			);
			runOnlyForDeploymentPostprocessing = 0;
			shellPath = /bin/sh;
			shellScript = "/usr/local/bin/carthage copy-frameworks";
		};
/* End PBXShellScriptBuildPhase section */

/* Begin PBXSourcesBuildPhase section */
		95633525209BAC7500B17370 /* Sources */ = {
			isa = PBXSourcesBuildPhase;
			buildActionMask = 2147483647;
			files = (
				9524D24C20F7E1AC00FE324A /* ApplicationController.swift in Sources */,
				9563355B209BAD3800B17370 /* ListTableViewController.swift in Sources */,
				9563352F209BAC7500B17370 /* ToDoComposerViewController.swift in Sources */,
				9563352D209BAC7500B17370 /* AppDelegate.swift in Sources */,
				9521288E20F7D90F002C79A4 /* DataStore.swift in Sources */,
				9563355D20A4E19300B17370 /* ToDo.swift in Sources */,
			);
			runOnlyForDeploymentPostprocessing = 0;
		};
		95633539209BAC7500B17370 /* Sources */ = {
			isa = PBXSourcesBuildPhase;
			buildActionMask = 2147483647;
			files = (
				95633542209BAC7500B17370 /* ToDosTests.swift in Sources */,
			);
			runOnlyForDeploymentPostprocessing = 0;
		};
		95633544209BAC7500B17370 /* Sources */ = {
			isa = PBXSourcesBuildPhase;
			buildActionMask = 2147483647;
			files = (
				9563354D209BAC7500B17370 /* ToDosUITests.swift in Sources */,
			);
			runOnlyForDeploymentPostprocessing = 0;
		};
/* End PBXSourcesBuildPhase section */

/* Begin PBXTargetDependency section */
		9563353F209BAC7500B17370 /* PBXTargetDependency */ = {
			isa = PBXTargetDependency;
			target = 95633528209BAC7500B17370 /* ToDos */;
			targetProxy = 9563353E209BAC7500B17370 /* PBXContainerItemProxy */;
		};
		9563354A209BAC7500B17370 /* PBXTargetDependency */ = {
			isa = PBXTargetDependency;
			target = 95633528209BAC7500B17370 /* ToDos */;
			targetProxy = 95633549209BAC7500B17370 /* PBXContainerItemProxy */;
		};
/* End PBXTargetDependency section */

/* Begin PBXVariantGroup section */
		95633535209BAC7500B17370 /* LaunchScreen.storyboard */ = {
			isa = PBXVariantGroup;
			children = (
				95633536209BAC7500B17370 /* Base */,
			);
			name = LaunchScreen.storyboard;
			sourceTree = "<group>";
		};
/* End PBXVariantGroup section */

/* Begin XCBuildConfiguration section */
		9563354F209BAC7500B17370 /* Debug */ = {
			isa = XCBuildConfiguration;
			buildSettings = {
				ALWAYS_SEARCH_USER_PATHS = NO;
				CLANG_ANALYZER_NONNULL = YES;
				CLANG_ANALYZER_NUMBER_OBJECT_CONVERSION = YES_AGGRESSIVE;
				CLANG_CXX_LANGUAGE_STANDARD = "gnu++14";
				CLANG_CXX_LIBRARY = "libc++";
				CLANG_ENABLE_MODULES = YES;
				CLANG_ENABLE_OBJC_ARC = YES;
				CLANG_WARN_BLOCK_CAPTURE_AUTORELEASING = YES;
				CLANG_WARN_BOOL_CONVERSION = YES;
				CLANG_WARN_COMMA = YES;
				CLANG_WARN_CONSTANT_CONVERSION = YES;
				CLANG_WARN_DIRECT_OBJC_ISA_USAGE = YES_ERROR;
				CLANG_WARN_DOCUMENTATION_COMMENTS = YES;
				CLANG_WARN_EMPTY_BODY = YES;
				CLANG_WARN_ENUM_CONVERSION = YES;
				CLANG_WARN_INFINITE_RECURSION = YES;
				CLANG_WARN_INT_CONVERSION = YES;
				CLANG_WARN_NON_LITERAL_NULL_CONVERSION = YES;
				CLANG_WARN_OBJC_LITERAL_CONVERSION = YES;
				CLANG_WARN_OBJC_ROOT_CLASS = YES_ERROR;
				CLANG_WARN_RANGE_LOOP_ANALYSIS = YES;
				CLANG_WARN_STRICT_PROTOTYPES = YES;
				CLANG_WARN_SUSPICIOUS_MOVE = YES;
				CLANG_WARN_UNGUARDED_AVAILABILITY = YES_AGGRESSIVE;
				CLANG_WARN_UNREACHABLE_CODE = YES;
				CLANG_WARN__DUPLICATE_METHOD_MATCH = YES;
				CODE_SIGN_IDENTITY = "iPhone Developer";
				COPY_PHASE_STRIP = NO;
				DEBUG_INFORMATION_FORMAT = dwarf;
				ENABLE_STRICT_OBJC_MSGSEND = YES;
				ENABLE_TESTABILITY = YES;
				GCC_C_LANGUAGE_STANDARD = gnu11;
				GCC_DYNAMIC_NO_PIC = NO;
				GCC_NO_COMMON_BLOCKS = YES;
				GCC_OPTIMIZATION_LEVEL = 0;
				GCC_PREPROCESSOR_DEFINITIONS = (
					"DEBUG=1",
					"$(inherited)",
				);
				GCC_WARN_64_TO_32_BIT_CONVERSION = YES;
				GCC_WARN_ABOUT_RETURN_TYPE = YES_ERROR;
				GCC_WARN_UNDECLARED_SELECTOR = YES;
				GCC_WARN_UNINITIALIZED_AUTOS = YES_AGGRESSIVE;
				GCC_WARN_UNUSED_FUNCTION = YES;
				GCC_WARN_UNUSED_VARIABLE = YES;
				IPHONEOS_DEPLOYMENT_TARGET = 11.2;
				MTL_ENABLE_DEBUG_INFO = YES;
				ONLY_ACTIVE_ARCH = YES;
				SDKROOT = iphoneos;
				SWIFT_ACTIVE_COMPILATION_CONDITIONS = DEBUG;
				SWIFT_OPTIMIZATION_LEVEL = "-Onone";
			};
			name = Debug;
		};
		95633550209BAC7500B17370 /* Release */ = {
			isa = XCBuildConfiguration;
			buildSettings = {
				ALWAYS_SEARCH_USER_PATHS = NO;
				CLANG_ANALYZER_NONNULL = YES;
				CLANG_ANALYZER_NUMBER_OBJECT_CONVERSION = YES_AGGRESSIVE;
				CLANG_CXX_LANGUAGE_STANDARD = "gnu++14";
				CLANG_CXX_LIBRARY = "libc++";
				CLANG_ENABLE_MODULES = YES;
				CLANG_ENABLE_OBJC_ARC = YES;
				CLANG_WARN_BLOCK_CAPTURE_AUTORELEASING = YES;
				CLANG_WARN_BOOL_CONVERSION = YES;
				CLANG_WARN_COMMA = YES;
				CLANG_WARN_CONSTANT_CONVERSION = YES;
				CLANG_WARN_DIRECT_OBJC_ISA_USAGE = YES_ERROR;
				CLANG_WARN_DOCUMENTATION_COMMENTS = YES;
				CLANG_WARN_EMPTY_BODY = YES;
				CLANG_WARN_ENUM_CONVERSION = YES;
				CLANG_WARN_INFINITE_RECURSION = YES;
				CLANG_WARN_INT_CONVERSION = YES;
				CLANG_WARN_NON_LITERAL_NULL_CONVERSION = YES;
				CLANG_WARN_OBJC_LITERAL_CONVERSION = YES;
				CLANG_WARN_OBJC_ROOT_CLASS = YES_ERROR;
				CLANG_WARN_RANGE_LOOP_ANALYSIS = YES;
				CLANG_WARN_STRICT_PROTOTYPES = YES;
				CLANG_WARN_SUSPICIOUS_MOVE = YES;
				CLANG_WARN_UNGUARDED_AVAILABILITY = YES_AGGRESSIVE;
				CLANG_WARN_UNREACHABLE_CODE = YES;
				CLANG_WARN__DUPLICATE_METHOD_MATCH = YES;
				CODE_SIGN_IDENTITY = "iPhone Developer";
				COPY_PHASE_STRIP = NO;
				DEBUG_INFORMATION_FORMAT = "dwarf-with-dsym";
				ENABLE_NS_ASSERTIONS = NO;
				ENABLE_STRICT_OBJC_MSGSEND = YES;
				GCC_C_LANGUAGE_STANDARD = gnu11;
				GCC_NO_COMMON_BLOCKS = YES;
				GCC_WARN_64_TO_32_BIT_CONVERSION = YES;
				GCC_WARN_ABOUT_RETURN_TYPE = YES_ERROR;
				GCC_WARN_UNDECLARED_SELECTOR = YES;
				GCC_WARN_UNINITIALIZED_AUTOS = YES_AGGRESSIVE;
				GCC_WARN_UNUSED_FUNCTION = YES;
				GCC_WARN_UNUSED_VARIABLE = YES;
				IPHONEOS_DEPLOYMENT_TARGET = 11.2;
				MTL_ENABLE_DEBUG_INFO = NO;
				SDKROOT = iphoneos;
				SWIFT_OPTIMIZATION_LEVEL = "-Owholemodule";
				VALIDATE_PRODUCT = YES;
			};
			name = Release;
		};
		95633552209BAC7500B17370 /* Debug */ = {
			isa = XCBuildConfiguration;
			buildSettings = {
				ASSETCATALOG_COMPILER_APPICON_NAME = AppIcon;
				CODE_SIGN_STYLE = Automatic;
				FRAMEWORK_SEARCH_PATHS = (
					"$(inherited)",
					"$(PROJECT_DIR)/Carthage/Build/iOS",
				);
				INFOPLIST_FILE = ToDos/Info.plist;
				LD_RUNPATH_SEARCH_PATHS = "$(inherited) @executable_path/Frameworks";
				PRODUCT_BUNDLE_IDENTIFIER = com.angie.ToDos;
				PRODUCT_NAME = "$(TARGET_NAME)";
				SWIFT_VERSION = 4.0;
				TARGETED_DEVICE_FAMILY = "1,2";
			};
			name = Debug;
		};
		95633553209BAC7500B17370 /* Release */ = {
			isa = XCBuildConfiguration;
			buildSettings = {
				ASSETCATALOG_COMPILER_APPICON_NAME = AppIcon;
				CODE_SIGN_STYLE = Automatic;
				FRAMEWORK_SEARCH_PATHS = (
					"$(inherited)",
					"$(PROJECT_DIR)/Carthage/Build/iOS",
				);
				INFOPLIST_FILE = ToDos/Info.plist;
				LD_RUNPATH_SEARCH_PATHS = "$(inherited) @executable_path/Frameworks";
				PRODUCT_BUNDLE_IDENTIFIER = com.angie.ToDos;
				PRODUCT_NAME = "$(TARGET_NAME)";
				SWIFT_VERSION = 4.0;
				TARGETED_DEVICE_FAMILY = "1,2";
			};
			name = Release;
		};
		95633555209BAC7500B17370 /* Debug */ = {
			isa = XCBuildConfiguration;
			buildSettings = {
				ALWAYS_EMBED_SWIFT_STANDARD_LIBRARIES = YES;
				BUNDLE_LOADER = "$(TEST_HOST)";
				CODE_SIGN_STYLE = Automatic;
				INFOPLIST_FILE = ToDosTests/Info.plist;
				LD_RUNPATH_SEARCH_PATHS = "$(inherited) @executable_path/Frameworks @loader_path/Frameworks";
				PRODUCT_BUNDLE_IDENTIFIER = com.angie.ToDosTests;
				PRODUCT_NAME = "$(TARGET_NAME)";
				SWIFT_VERSION = 4.0;
				TARGETED_DEVICE_FAMILY = "1,2";
				TEST_HOST = "$(BUILT_PRODUCTS_DIR)/ToDos.app/ToDos";
			};
			name = Debug;
		};
		95633556209BAC7500B17370 /* Release */ = {
			isa = XCBuildConfiguration;
			buildSettings = {
				ALWAYS_EMBED_SWIFT_STANDARD_LIBRARIES = YES;
				BUNDLE_LOADER = "$(TEST_HOST)";
				CODE_SIGN_STYLE = Automatic;
				INFOPLIST_FILE = ToDosTests/Info.plist;
				LD_RUNPATH_SEARCH_PATHS = "$(inherited) @executable_path/Frameworks @loader_path/Frameworks";
				PRODUCT_BUNDLE_IDENTIFIER = com.angie.ToDosTests;
				PRODUCT_NAME = "$(TARGET_NAME)";
				SWIFT_VERSION = 4.0;
				TARGETED_DEVICE_FAMILY = "1,2";
				TEST_HOST = "$(BUILT_PRODUCTS_DIR)/ToDos.app/ToDos";
			};
			name = Release;
		};
		95633558209BAC7500B17370 /* Debug */ = {
			isa = XCBuildConfiguration;
			buildSettings = {
				ALWAYS_EMBED_SWIFT_STANDARD_LIBRARIES = YES;
				CODE_SIGN_STYLE = Automatic;
				INFOPLIST_FILE = ToDosUITests/Info.plist;
				LD_RUNPATH_SEARCH_PATHS = "$(inherited) @executable_path/Frameworks @loader_path/Frameworks";
				PRODUCT_BUNDLE_IDENTIFIER = com.angie.ToDosUITests;
				PRODUCT_NAME = "$(TARGET_NAME)";
				SWIFT_VERSION = 4.0;
				TARGETED_DEVICE_FAMILY = "1,2";
				TEST_TARGET_NAME = ToDos;
			};
			name = Debug;
		};
		95633559209BAC7500B17370 /* Release */ = {
			isa = XCBuildConfiguration;
			buildSettings = {
				ALWAYS_EMBED_SWIFT_STANDARD_LIBRARIES = YES;
				CODE_SIGN_STYLE = Automatic;
				INFOPLIST_FILE = ToDosUITests/Info.plist;
				LD_RUNPATH_SEARCH_PATHS = "$(inherited) @executable_path/Frameworks @loader_path/Frameworks";
				PRODUCT_BUNDLE_IDENTIFIER = com.angie.ToDosUITests;
				PRODUCT_NAME = "$(TARGET_NAME)";
				SWIFT_VERSION = 4.0;
				TARGETED_DEVICE_FAMILY = "1,2";
				TEST_TARGET_NAME = ToDos;
			};
			name = Release;
		};
/* End XCBuildConfiguration section */

/* Begin XCConfigurationList section */
		95633524209BAC7500B17370 /* Build configuration list for PBXProject "ToDos" */ = {
			isa = XCConfigurationList;
			buildConfigurations = (
				9563354F209BAC7500B17370 /* Debug */,
				95633550209BAC7500B17370 /* Release */,
			);
			defaultConfigurationIsVisible = 0;
			defaultConfigurationName = Release;
		};
		95633551209BAC7500B17370 /* Build configuration list for PBXNativeTarget "ToDos" */ = {
			isa = XCConfigurationList;
			buildConfigurations = (
				95633552209BAC7500B17370 /* Debug */,
				95633553209BAC7500B17370 /* Release */,
			);
			defaultConfigurationIsVisible = 0;
			defaultConfigurationName = Release;
		};
		95633554209BAC7500B17370 /* Build configuration list for PBXNativeTarget "ToDosTests" */ = {
			isa = XCConfigurationList;
			buildConfigurations = (
				95633555209BAC7500B17370 /* Debug */,
				95633556209BAC7500B17370 /* Release */,
			);
			defaultConfigurationIsVisible = 0;
			defaultConfigurationName = Release;
		};
		95633557209BAC7500B17370 /* Build configuration list for PBXNativeTarget "ToDosUITests" */ = {
			isa = XCConfigurationList;
			buildConfigurations = (
				95633558209BAC7500B17370 /* Debug */,
				95633559209BAC7500B17370 /* Release */,
			);
			defaultConfigurationIsVisible = 0;
			defaultConfigurationName = Release;
		};
/* End XCConfigurationList section */
	};
	rootObject = 95633521209BAC7500B17370 /* Project object */;
}
